{
  "nodes": {
    "home-manager": {
      "inputs": {
        "nixpkgs": [
          "nixpkgs"
        ]
      },
      "locked": {
        "lastModified": 1739570999,
        "narHash": "sha256-eCc0/Q4bPpe4/AS+uzIrHLJcR6BxPQ69q2kD0/Qe6rU=",
        "owner": "nix-community",
        "repo": "home-manager",
        "rev": "254d47082e23dbf72fdeca1da6fe1da420f478d8",
        "type": "github"
      },
      "original": {
        "owner": "nix-community",
        "ref": "release-24.11",
        "repo": "home-manager",
        "type": "github"
      }
    },
    "nixpkgs": {
      "locked": {
        "lastModified": 1739484910,
        "narHash": "sha256-wjWLzdM7PIq4ZAe7k3vyjtgVJn6b0UeodtRFlM/6W5U=",
        "owner": "nixos",
        "repo": "nixpkgs",
        "rev": "0b73e36b1962620a8ac551a37229dd8662dac5c8",
        "type": "github"
      },
      "original": {
        "owner": "nixos",
        "ref": "nixos-24.11",
        "repo": "nixpkgs",
        "type": "github"
      }
    },
    "nvchad-starter": {
      "flake": false,
      "locked": {
        "lastModified": 1736643544,
        "narHash": "sha256-PoThdeLgPIFrqVMgwOyWsPDD01K4qEFT6Q5LHz6n5DM=",
        "owner": "NvChad",
        "repo": "starter",
        "rev": "c3d1fb646a04aaa97b2929b90269f8a7bf8e8dc4",
        "type": "github"
      },
      "original": {
        "owner": "NvChad",
        "ref": "main",
        "repo": "starter",
        "type": "github"
      }
    },
    "nvchad4nix": {
      "inputs": {
        "nixpkgs": [
          "nixpkgs"
        ],
        "nvchad-starter": "nvchad-starter"
      },
      "locked": {
        "lastModified": 1742877106,
        "narHash": "sha256-vkqZX4je/P998elDKNrQEonoQkiuVi8adG/kkAYfYps=",
        "owner": "nix-community",
        "repo": "nix4nvchad",
        "rev": "12651bba70107085ff47bd00076cd1ec406637d1",
        "type": "github"
      },
      "original": {
        "owner": "nix-community",
        "repo": "nix4nvchad",
        "type": "github"
      }
    },
    "root": {
      "inputs": {
        "home-manager": "home-manager",
        "nixpkgs": "nixpkgs",
        "nvchad4nix": "nvchad4nix"
      }
    }
  },
  "root": "root",
  "version": 7
}
